
Microsoft Visual Studio Solution File, Format Version 12.00
# Visual Studio Version 17
VisualStudioVersion = 17.7.34202.233
MinimumVisualStudioVersion = 10.0.40219.1
Project("{9A19103F-16F7-4668-BE54-9A1E7A4F7556}") = "PortaleFatture.BE.Api", "src\Presentation\PortaleFatture.BE.Api\PortaleFatture.BE.Api.csproj", "{C8CE530F-EBE0-4DD3-9B86-F8933954EAD0}"
EndProject
Project("{2150E333-8FDC-42A3-9474-1A3956D46DE8}") = "Core", "Core", "{8FB8E64F-3732-4F00-BD01-D273BDFE6D89}"
EndProject
Project("{2150E333-8FDC-42A3-9474-1A3956D46DE8}") = "Infrastructure", "Infrastructure", "{1AA0FDE8-4058-470D-AB8B-2B87751ADB51}"
EndProject
Project("{2150E333-8FDC-42A3-9474-1A3956D46DE8}") = "Presentation", "Presentation", "{FCE0D4DD-5884-4A2A-814E-F58B18092F76}"
EndProject
Project("{2150E333-8FDC-42A3-9474-1A3956D46DE8}") = "Tests", "Tests", "{87AF21A4-2A47-446B-BFE7-579089AB73A3}"
	ProjectSection(SolutionItems) = preProject
		tests\docker-compose.yml = tests\docker-compose.yml
	EndProjectSection
EndProject
Project("{9A19103F-16F7-4668-BE54-9A1E7A4F7556}") = "PortaleFatture.BE.Core", "src\Core\PortaleFatture.BE.Core\PortaleFatture.BE.Core.csproj", "{AE0C591F-F9CA-49C3-874A-2B8B5025E312}"
EndProject
Project("{9A19103F-16F7-4668-BE54-9A1E7A4F7556}") = "PortaleFatture.BE.Infrastructure", "src\Infrastructure\PortaleFatture.BE.Infrastructure\PortaleFatture.BE.Infrastructure.csproj", "{46103B4A-ACCD-4B3B-993A-0610A695A41E}"
EndProject
Project("{9A19103F-16F7-4668-BE54-9A1E7A4F7556}") = "PortaleFatture.BE.UnitTest", "tests\PortaleFatture.BE.UnitTest\PortaleFatture.BE.UnitTest.csproj", "{73668C16-F9F9-42EB-9C7C-B7A92E63FA60}"
EndProject
Project("{9A19103F-16F7-4668-BE54-9A1E7A4F7556}") = "PortaleFatture.BE.IntegrationTest", "tests\PortaleFatture.BE.IntegrationTest\PortaleFatture.BE.IntegrationTest.csproj", "{492D9219-1B59-4E5D-B8BE-6BD302DEBC53}"
EndProject
Project("{2150E333-8FDC-42A3-9474-1A3956D46DE8}") = "Data", "Data", "{CE716F1B-83D8-416D-B757-3BFAC2031AE8}"
	ProjectSection(SolutionItems) = preProject
		tests\Data\Dockerfile = tests\Data\Dockerfile
		tests\Data\entrypoint.sh = tests\Data\entrypoint.sh
		tests\Data\setup.sql = tests\Data\setup.sql
	EndProjectSection
EndProject
Project("{9A19103F-16F7-4668-BE54-9A1E7A4F7556}") = "PortaleFatture_BE_SendEmailFunction", "src\Presentation\PortaleFatture.BE.SendEmailFunction\PortaleFatture_BE_SendEmailFunction.csproj", "{C57A92B5-0A9B-43EB-807F-D35F46977F65}"
EndProject
Project("{9A19103F-16F7-4668-BE54-9A1E7A4F7556}") = "PortaleFatture.BE.EmailSender", "src\Presentation\PortaleFatture.BE.EmailSender\PortaleFatture.BE.EmailSender.csproj", "{8D455F55-BD96-4385-AA34-0F7EEFCFC106}"
EndProject
Project("{888888A0-9F3D-457C-B088-3A5042F75D52}") = "PortaleFatture.BE.ImportFinancepagoPA", "src\Presentation\PortaleFatture.BE.ImportFinancepagoPA\PortaleFatture.BE.ImportFinancepagoPA.pyproj", "{58D379F3-5E9D-4C83-B4DA-7690318A2BD1}"
EndProject
Project("{FAE04EC0-301F-11D3-BF4B-00C04F79EFBC}") = "PortaleFatture.BE.SelfCareOnBoardingAPI", "src\Presentation\PortaleFatture.BE.SelfCareOnBoardingAPI\PortaleFatture.BE.SelfCareOnBoardingAPI.csproj", "{E32705A0-D6F3-40F7-B2D0-4A08FEAE18B2}"
EndProject
Project("{FAE04EC0-301F-11D3-BF4B-00C04F79EFBC}") = "PortaleFatture.BE.EmailPSPSender", "src\Presentation\PortaleFatture.BE.EmailPSPSender\PortaleFatture.BE.EmailPSPSender.csproj", "{E41A8735-126D-4F6D-82C2-166CB605EB8D}"
EndProject
Project("{FAE04EC0-301F-11D3-BF4B-00C04F79EFBC}") = "PortaleFatture.BE.Function.API", "src\Presentation\PortaleFatture.BE.Function.API\PortaleFatture.BE.Function.API.csproj", "{3BDADB61-3359-BEC6-F0D3-AAB0DD56D62B}"
EndProject
Global
	GlobalSection(SolutionConfigurationPlatforms) = preSolution
		Debug|Any CPU = Debug|Any CPU
		Release|Any CPU = Release|Any CPU
	EndGlobalSection
	GlobalSection(ProjectConfigurationPlatforms) = postSolution
		{C8CE530F-EBE0-4DD3-9B86-F8933954EAD0}.Debug|Any CPU.ActiveCfg = Debug|Any CPU
		{C8CE530F-EBE0-4DD3-9B86-F8933954EAD0}.Debug|Any CPU.Build.0 = Debug|Any CPU
		{C8CE530F-EBE0-4DD3-9B86-F8933954EAD0}.Release|Any CPU.ActiveCfg = Release|Any CPU
		{C8CE530F-EBE0-4DD3-9B86-F8933954EAD0}.Release|Any CPU.Build.0 = Release|Any CPU
		{AE0C591F-F9CA-49C3-874A-2B8B5025E312}.Debug|Any CPU.ActiveCfg = Debug|Any CPU
		{AE0C591F-F9CA-49C3-874A-2B8B5025E312}.Debug|Any CPU.Build.0 = Debug|Any CPU
		{AE0C591F-F9CA-49C3-874A-2B8B5025E312}.Release|Any CPU.ActiveCfg = Release|Any CPU
		{AE0C591F-F9CA-49C3-874A-2B8B5025E312}.Release|Any CPU.Build.0 = Release|Any CPU
		{46103B4A-ACCD-4B3B-993A-0610A695A41E}.Debug|Any CPU.ActiveCfg = Debug|Any CPU
		{46103B4A-ACCD-4B3B-993A-0610A695A41E}.Debug|Any CPU.Build.0 = Debug|Any CPU
		{46103B4A-ACCD-4B3B-993A-0610A695A41E}.Release|Any CPU.ActiveCfg = Release|Any CPU
		{46103B4A-ACCD-4B3B-993A-0610A695A41E}.Release|Any CPU.Build.0 = Release|Any CPU
		{73668C16-F9F9-42EB-9C7C-B7A92E63FA60}.Debug|Any CPU.ActiveCfg = Debug|Any CPU
		{73668C16-F9F9-42EB-9C7C-B7A92E63FA60}.Debug|Any CPU.Build.0 = Debug|Any CPU
		{73668C16-F9F9-42EB-9C7C-B7A92E63FA60}.Release|Any CPU.ActiveCfg = Release|Any CPU
		{73668C16-F9F9-42EB-9C7C-B7A92E63FA60}.Release|Any CPU.Build.0 = Release|Any CPU
		{492D9219-1B59-4E5D-B8BE-6BD302DEBC53}.Debug|Any CPU.ActiveCfg = Debug|Any CPU
		{492D9219-1B59-4E5D-B8BE-6BD302DEBC53}.Debug|Any CPU.Build.0 = Debug|Any CPU
		{492D9219-1B59-4E5D-B8BE-6BD302DEBC53}.Release|Any CPU.ActiveCfg = Release|Any CPU
		{492D9219-1B59-4E5D-B8BE-6BD302DEBC53}.Release|Any CPU.Build.0 = Release|Any CPU
		{C57A92B5-0A9B-43EB-807F-D35F46977F65}.Debug|Any CPU.ActiveCfg = Debug|Any CPU
		{C57A92B5-0A9B-43EB-807F-D35F46977F65}.Debug|Any CPU.Build.0 = Debug|Any CPU
		{C57A92B5-0A9B-43EB-807F-D35F46977F65}.Release|Any CPU.ActiveCfg = Release|Any CPU
		{C57A92B5-0A9B-43EB-807F-D35F46977F65}.Release|Any CPU.Build.0 = Release|Any CPU
		{8D455F55-BD96-4385-AA34-0F7EEFCFC106}.Debug|Any CPU.ActiveCfg = Debug|Any CPU
		{8D455F55-BD96-4385-AA34-0F7EEFCFC106}.Debug|Any CPU.Build.0 = Debug|Any CPU
		{8D455F55-BD96-4385-AA34-0F7EEFCFC106}.Release|Any CPU.ActiveCfg = Release|Any CPU
		{8D455F55-BD96-4385-AA34-0F7EEFCFC106}.Release|Any CPU.Build.0 = Release|Any CPU
		{58D379F3-5E9D-4C83-B4DA-7690318A2BD1}.Debug|Any CPU.ActiveCfg = Debug|Any CPU
		{58D379F3-5E9D-4C83-B4DA-7690318A2BD1}.Release|Any CPU.ActiveCfg = Release|Any CPU
		{E32705A0-D6F3-40F7-B2D0-4A08FEAE18B2}.Debug|Any CPU.ActiveCfg = Debug|Any CPU
		{E32705A0-D6F3-40F7-B2D0-4A08FEAE18B2}.Debug|Any CPU.Build.0 = Debug|Any CPU
		{E32705A0-D6F3-40F7-B2D0-4A08FEAE18B2}.Release|Any CPU.ActiveCfg = Release|Any CPU
		{E32705A0-D6F3-40F7-B2D0-4A08FEAE18B2}.Release|Any CPU.Build.0 = Release|Any CPU
		{E41A8735-126D-4F6D-82C2-166CB605EB8D}.Debug|Any CPU.ActiveCfg = Debug|Any CPU
		{E41A8735-126D-4F6D-82C2-166CB605EB8D}.Debug|Any CPU.Build.0 = Debug|Any CPU
		{E41A8735-126D-4F6D-82C2-166CB605EB8D}.Release|Any CPU.ActiveCfg = Release|Any CPU
		{E41A8735-126D-4F6D-82C2-166CB605EB8D}.Release|Any CPU.Build.0 = Release|Any CPU
		{3BDADB61-3359-BEC6-F0D3-AAB0DD56D62B}.Debug|Any CPU.ActiveCfg = Debug|Any CPU
		{3BDADB61-3359-BEC6-F0D3-AAB0DD56D62B}.Debug|Any CPU.Build.0 = Debug|Any CPU
		{3BDADB61-3359-BEC6-F0D3-AAB0DD56D62B}.Release|Any CPU.ActiveCfg = Release|Any CPU
		{3BDADB61-3359-BEC6-F0D3-AAB0DD56D62B}.Release|Any CPU.Build.0 = Release|Any CPU
	EndGlobalSection
	GlobalSection(SolutionProperties) = preSolution
		HideSolutionNode = FALSE
	EndGlobalSection
	GlobalSection(NestedProjects) = preSolution
		{C8CE530F-EBE0-4DD3-9B86-F8933954EAD0} = {FCE0D4DD-5884-4A2A-814E-F58B18092F76}
		{AE0C591F-F9CA-49C3-874A-2B8B5025E312} = {8FB8E64F-3732-4F00-BD01-D273BDFE6D89}
		{46103B4A-ACCD-4B3B-993A-0610A695A41E} = {1AA0FDE8-4058-470D-AB8B-2B87751ADB51}
		{73668C16-F9F9-42EB-9C7C-B7A92E63FA60} = {87AF21A4-2A47-446B-BFE7-579089AB73A3}
		{492D9219-1B59-4E5D-B8BE-6BD302DEBC53} = {87AF21A4-2A47-446B-BFE7-579089AB73A3}
		{CE716F1B-83D8-416D-B757-3BFAC2031AE8} = {87AF21A4-2A47-446B-BFE7-579089AB73A3}
		{C57A92B5-0A9B-43EB-807F-D35F46977F65} = {FCE0D4DD-5884-4A2A-814E-F58B18092F76}
		{8D455F55-BD96-4385-AA34-0F7EEFCFC106} = {FCE0D4DD-5884-4A2A-814E-F58B18092F76}
		{58D379F3-5E9D-4C83-B4DA-7690318A2BD1} = {FCE0D4DD-5884-4A2A-814E-F58B18092F76}
		{E32705A0-D6F3-40F7-B2D0-4A08FEAE18B2} = {FCE0D4DD-5884-4A2A-814E-F58B18092F76}
		{E41A8735-126D-4F6D-82C2-166CB605EB8D} = {FCE0D4DD-5884-4A2A-814E-F58B18092F76}
		{3BDADB61-3359-BEC6-F0D3-AAB0DD56D62B} = {FCE0D4DD-5884-4A2A-814E-F58B18092F76}
	EndGlobalSection
	GlobalSection(ExtensibilityGlobals) = postSolution
		SolutionGuid = {E21864C8-BAF8-4D8B-957E-726DB3040371}
	EndGlobalSection
EndGlobal
